
Microsoft Visual Studio Solution File, Format Version 12.00
# Visual Studio Version 16
VisualStudioVersion = 25.0.1704.0
MinimumVisualStudioVersion = 10.0.40219.1
Project("{FAE04EC0-301F-11D3-BF4B-00C04F79EFBC}") = "LeetCode", "LeetCode\LeetCode.csproj", "{DDC27F27-5611-404F-B4B8-F8AD108AE75F}"
EndProject
Project("{2150E333-8FDC-42A3-9474-1A3956D46DE8}") = "Solution Items", "Solution Items", "{CF1E0665-DAFE-48C2-B8BF-77666C551BE8}"
	ProjectSection(SolutionItems) = preProject
		readme.md = readme.md
	EndProjectSection
EndProject
Global
	GlobalSection(SolutionConfigurationPlatforms) = preSolution
		Debug|Any CPU = Debug|Any CPU
		Release|Any CPU = Release|Any CPU
	EndGlobalSection
	GlobalSection(ProjectConfigurationPlatforms) = postSolution
		{DDC27F27-5611-404F-B4B8-F8AD108AE75F}.Debug|Any CPU.ActiveCfg = Debug|Any CPU
		{DDC27F27-5611-404F-B4B8-F8AD108AE75F}.Debug|Any CPU.Build.0 = Debug|Any CPU
		{DDC27F27-5611-404F-B4B8-F8AD108AE75F}.Release|Any CPU.ActiveCfg = Release|Any CPU
		{DDC27F27-5611-404F-B4B8-F8AD108AE75F}.Release|Any CPU.Build.0 = Release|Any CPU
	EndGlobalSection
	GlobalSection(SolutionProperties) = preSolution
		HideSolutionNode = FALSE
	EndGlobalSection
	GlobalSection(ExtensibilityGlobals) = postSolution
		SolutionGuid = {3BA312D2-16BC-48CD-94F9-D214B7B25E31}
	EndGlobalSection
EndGlobal
